
Microsoft Visual Studio Solution File, Format Version 12.00
# Visual Studio Version 16
VisualStudioVersion = 16.0.30503.244
MinimumVisualStudioVersion = 10.0.40219.1
Project("{FAE04EC0-301F-11D3-BF4B-00C04F79EFBC}") = "My Little Miner", "My Little Miner\My Little Miner.csproj", "{2B9A52FB-BEA4-4F00-99A1-8032EB62B838}"
EndProject
Global
	GlobalSection(SolutionConfigurationPlatforms) = preSolution
		Debug|Any CPU = Debug|Any CPU
		Release|Any CPU = Release|Any CPU
	EndGlobalSection
	GlobalSection(ProjectConfigurationPlatforms) = postSolution
		{2B9A52FB-BEA4-4F00-99A1-8032EB62B838}.Debug|Any CPU.ActiveCfg = Debug|Any CPU
		{2B9A52FB-BEA4-4F00-99A1-8032EB62B838}.Debug|Any CPU.Build.0 = Debug|Any CPU
		{2B9A52FB-BEA4-4F00-99A1-8032EB62B838}.Release|Any CPU.ActiveCfg = Release|Any CPU
		{2B9A52FB-BEA4-4F00-99A1-8032EB62B838}.Release|Any CPU.Build.0 = Release|Any CPU
	EndGlobalSection
	GlobalSection(SolutionProperties) = preSolution
		HideSolutionNode = FALSE
	EndGlobalSection
	GlobalSection(ExtensibilityGlobals) = postSolution
		SolutionGuid = {A35F450B-D2D4-43C0-8261-512DCACC2534}
	EndGlobalSection
EndGlobal
